
Microsoft Visual Studio Solution File, Format Version 12.00
# Visual Studio 15
VisualStudioVersion = 15.0.28307.1433
MinimumVisualStudioVersion = 10.0.40219.1
Project("{FAE04EC0-301F-11D3-BF4B-00C04F79EFBC}") = "MVC-Filters-Demo", "MVC-Filters-Demo\MVC-Filters-Demo.csproj", "{7CCA56F9-6ACB-494D-83EE-FCFDFC4EE1B6}"
EndProject
Global
	GlobalSection(SolutionConfigurationPlatforms) = preSolution
		Debug|Any CPU = Debug|Any CPU
		Release|Any CPU = Release|Any CPU
	EndGlobalSection
	GlobalSection(ProjectConfigurationPlatforms) = postSolution
		{7CCA56F9-6ACB-494D-83EE-FCFDFC4EE1B6}.Debug|Any CPU.ActiveCfg = Debug|Any CPU
		{7CCA56F9-6ACB-494D-83EE-FCFDFC4EE1B6}.Debug|Any CPU.Build.0 = Debug|Any CPU
		{7CCA56F9-6ACB-494D-83EE-FCFDFC4EE1B6}.Release|Any CPU.ActiveCfg = Release|Any CPU
		{7CCA56F9-6ACB-494D-83EE-FCFDFC4EE1B6}.Release|Any CPU.Build.0 = Release|Any CPU
	EndGlobalSection
	GlobalSection(SolutionProperties) = preSolution
		HideSolutionNode = FALSE
	EndGlobalSection
	GlobalSection(ExtensibilityGlobals) = postSolution
		SolutionGuid = {AA523C2D-81D7-4035-9693-9AC06E7511AB}
	EndGlobalSection
EndGlobal
